<Solution>
  <Configurations>
    <Platform Name="x64" />
    <Platform Name="x86" />
  </Configurations>
  <Project Path="Maze/Maze.vcxproj" Id="a4850f17-45a5-4205-9707-965ba8590d48" />
  <Project Path="Project_25/Project_25.vcxproj" Id="934d50fb-43cb-4f71-8f5a-cc5dce55ea1e" />
  <Project Path="Project_26/Project_26.vcxproj" Id="ce181600-e996-4476-b94d-ca1bd9872618" />
  <Project Path="Project_27/Project_27.vcxproj" Id="7df8c97b-97d9-4e73-915e-a2e397a84ac4" />
  <Project Path="Project_28/Project_28.vcxproj" Id="01c9c046-01b6-4f64-b8d4-f20d2751b26a" />
</Solution>
